
Microsoft Visual Studio Solution File, Format Version 12.00
# Visual Studio Version 16
VisualStudioVersion = 16.0.30907.101
MinimumVisualStudioVersion = 10.0.40219.1
Project("{FAE04EC0-301F-11D3-BF4B-00C04F79EFBC}") = "Uri1145", "Uri1145\Uri1145.csproj", "{FC7D0BC1-6C40-4892-9C34-29647ECE0BD4}"
EndProject
Global
	GlobalSection(SolutionConfigurationPlatforms) = preSolution
		Debug|Any CPU = Debug|Any CPU
		Release|Any CPU = Release|Any CPU
	EndGlobalSection
	GlobalSection(ProjectConfigurationPlatforms) = postSolution
		{FC7D0BC1-6C40-4892-9C34-29647ECE0BD4}.Debug|Any CPU.ActiveCfg = Debug|Any CPU
		{FC7D0BC1-6C40-4892-9C34-29647ECE0BD4}.Debug|Any CPU.Build.0 = Debug|Any CPU
		{FC7D0BC1-6C40-4892-9C34-29647ECE0BD4}.Release|Any CPU.ActiveCfg = Release|Any CPU
		{FC7D0BC1-6C40-4892-9C34-29647ECE0BD4}.Release|Any CPU.Build.0 = Release|Any CPU
	EndGlobalSection
	GlobalSection(SolutionProperties) = preSolution
		HideSolutionNode = FALSE
	EndGlobalSection
	GlobalSection(ExtensibilityGlobals) = postSolution
		SolutionGuid = {CD327825-B3B2-497C-83B6-04708B8174D3}
	EndGlobalSection
EndGlobal
